// !$*UTF8*$!
{
	archiveVersion = 1;
	classes = {
	};
	objectVersion = 56;
	objects = {

/* Begin PBXBuildFile section */
		FEE0E43B2C11009C00303059 /* AppDelegate.swift in Sources */ = {isa = PBXBuildFile; fileRef = FEE0E43A2C11009C00303059 /* AppDelegate.swift */; };
		FEE0E43D2C11009C00303059 /* SceneDelegate.swift in Sources */ = {isa = PBXBuildFile; fileRef = FEE0E43C2C11009C00303059 /* SceneDelegate.swift */; };
		FEE0E43F2C11009C00303059 /* WeatherViewController.swift in Sources */ = {isa = PBXBuildFile; fileRef = FEE0E43E2C11009C00303059 /* WeatherViewController.swift */; };
		FEE0E4442C11009D00303059 /* Assets.xcassets in Resources */ = {isa = PBXBuildFile; fileRef = FEE0E4432C11009D00303059 /* Assets.xcassets */; };
		FEE0E4472C11009D00303059 /* Base in Resources */ = {isa = PBXBuildFile; fileRef = FEE0E4462C11009D00303059 /* Base */; };
		FEE0E4562C110B9900303059 /* NetworkService.swift in Sources */ = {isa = PBXBuildFile; fileRef = FEE0E4552C110B9900303059 /* NetworkService.swift */; };
		FEE0E4582C110BAE00303059 /* WeatherInformation.swift in Sources */ = {isa = PBXBuildFile; fileRef = FEE0E4572C110BAE00303059 /* WeatherInformation.swift */; };
		FEE0E45D2C110E4100303059 /* WeatherService.swift in Sources */ = {isa = PBXBuildFile; fileRef = FEE0E45C2C110E4100303059 /* WeatherService.swift */; };
		FEE0E45F2C110F7F00303059 /* LocationManager.swift in Sources */ = {isa = PBXBuildFile; fileRef = FEE0E45E2C110F7F00303059 /* LocationManager.swift */; };
		FEE0E4622C11148C00303059 /* WeatherInfoView.swift in Sources */ = {isa = PBXBuildFile; fileRef = FEE0E4612C11148C00303059 /* WeatherInfoView.swift */; };
/* End PBXBuildFile section */

/* Begin PBXFileReference section */
		FEE0E4372C11009C00303059 /* ShopyFlopy.app */ = {isa = PBXFileReference; explicitFileType = wrapper.application; includeInIndex = 0; path = ShopyFlopy.app; sourceTree = BUILT_PRODUCTS_DIR; };
		FEE0E43A2C11009C00303059 /* AppDelegate.swift */ = {isa = PBXFileReference; lastKnownFileType = sourcecode.swift; path = AppDelegate.swift; sourceTree = "<group>"; };
		FEE0E43C2C11009C00303059 /* SceneDelegate.swift */ = {isa = PBXFileReference; lastKnownFileType = sourcecode.swift; path = SceneDelegate.swift; sourceTree = "<group>"; };
		FEE0E43E2C11009C00303059 /* WeatherViewController.swift */ = {isa = PBXFileReference; lastKnownFileType = sourcecode.swift; path = WeatherViewController.swift; sourceTree = "<group>"; };
		FEE0E4432C11009D00303059 /* Assets.xcassets */ = {isa = PBXFileReference; lastKnownFileType = folder.assetcatalog; path = Assets.xcassets; sourceTree = "<group>"; };
		FEE0E4462C11009D00303059 /* Base */ = {isa = PBXFileReference; lastKnownFileType = file.storyboard; name = Base; path = Base.lproj/LaunchScreen.storyboard; sourceTree = "<group>"; };
		FEE0E4482C11009D00303059 /* Info.plist */ = {isa = PBXFileReference; lastKnownFileType = text.plist.xml; path = Info.plist; sourceTree = "<group>"; };
		FEE0E4552C110B9900303059 /* NetworkService.swift */ = {isa = PBXFileReference; lastKnownFileType = sourcecode.swift; path = NetworkService.swift; sourceTree = "<group>"; };
		FEE0E4572C110BAE00303059 /* WeatherInformation.swift */ = {isa = PBXFileReference; lastKnownFileType = sourcecode.swift; path = WeatherInformation.swift; sourceTree = "<group>"; };
		FEE0E45C2C110E4100303059 /* WeatherService.swift */ = {isa = PBXFileReference; lastKnownFileType = sourcecode.swift; path = WeatherService.swift; sourceTree = "<group>"; };
		FEE0E45E2C110F7F00303059 /* LocationManager.swift */ = {isa = PBXFileReference; lastKnownFileType = sourcecode.swift; path = LocationManager.swift; sourceTree = "<group>"; };
		FEE0E4612C11148C00303059 /* WeatherInfoView.swift */ = {isa = PBXFileReference; lastKnownFileType = sourcecode.swift; path = WeatherInfoView.swift; sourceTree = "<group>"; };
/* End PBXFileReference section */

/* Begin PBXFrameworksBuildPhase section */
		FEE0E4342C11009C00303059 /* Frameworks */ = {
			isa = PBXFrameworksBuildPhase;
			buildActionMask = 2147483647;
			files = (
			);
			runOnlyForDeploymentPostprocessing = 0;
		};
/* End PBXFrameworksBuildPhase section */

/* Begin PBXGroup section */
		FEE0E42E2C11009C00303059 = {
			isa = PBXGroup;
			children = (
				FEE0E4392C11009C00303059 /* ShopyFlopy */,
				FEE0E4382C11009C00303059 /* Products */,
			);
			sourceTree = "<group>";
		};
		FEE0E4382C11009C00303059 /* Products */ = {
			isa = PBXGroup;
			children = (
				FEE0E4372C11009C00303059 /* ShopyFlopy.app */,
			);
			name = Products;
			sourceTree = "<group>";
		};
		FEE0E4392C11009C00303059 /* ShopyFlopy */ = {
			isa = PBXGroup;
			children = (
				FEE0E44F2C1100BC00303059 /* App */,
				FEE0E4502C1100C700303059 /* Resources */,
				FEE0E44E2C1100AD00303059 /* Screens */,
			);
			path = ShopyFlopy;
			sourceTree = "<group>";
		};
		FEE0E44E2C1100AD00303059 /* Screens */ = {
			isa = PBXGroup;
			children = (
				FEE0E4452C11009D00303059 /* LaunchScreen.storyboard */,
				FEE0E43E2C11009C00303059 /* WeatherViewController.swift */,
			);
			path = Screens;
			sourceTree = "<group>";
		};
		FEE0E44F2C1100BC00303059 /* App */ = {
			isa = PBXGroup;
			children = (
				FEE0E43A2C11009C00303059 /* AppDelegate.swift */,
				FEE0E43C2C11009C00303059 /* SceneDelegate.swift */,
			);
			path = App;
			sourceTree = "<group>";
		};
		FEE0E4502C1100C700303059 /* Resources */ = {
			isa = PBXGroup;
			children = (
				FEE0E4602C11148400303059 /* Views */,
				FEE0E45B2C110E1B00303059 /* Extensions */,
				FEE0E4522C110B6000303059 /* Models */,
				FEE0E4512C110B5B00303059 /* Services */,
				FEE0E4432C11009D00303059 /* Assets.xcassets */,
				FEE0E4482C11009D00303059 /* Info.plist */,
			);
			path = Resources;
			sourceTree = "<group>";
		};
		FEE0E4512C110B5B00303059 /* Services */ = {
			isa = PBXGroup;
			children = (
				FEE0E4552C110B9900303059 /* NetworkService.swift */,
				FEE0E45C2C110E4100303059 /* WeatherService.swift */,
				FEE0E45E2C110F7F00303059 /* LocationManager.swift */,
			);
			path = Services;
			sourceTree = "<group>";
		};
		FEE0E4522C110B6000303059 /* Models */ = {
			isa = PBXGroup;
			children = (
				FEE0E4572C110BAE00303059 /* WeatherInformation.swift */,
			);
			path = Models;
			sourceTree = "<group>";
		};
		FEE0E45B2C110E1B00303059 /* Extensions */ = {
			isa = PBXGroup;
			children = (
			);
			path = Extensions;
			sourceTree = "<group>";
		};
		FEE0E4602C11148400303059 /* Views */ = {
			isa = PBXGroup;
			children = (
				FEE0E4612C11148C00303059 /* WeatherInfoView.swift */,
			);
			path = Views;
			sourceTree = "<group>";
		};
/* End PBXGroup section */

/* Begin PBXNativeTarget section */
		FEE0E4362C11009C00303059 /* ShopyFlopy */ = {
			isa = PBXNativeTarget;
			buildConfigurationList = FEE0E44B2C11009D00303059 /* Build configuration list for PBXNativeTarget "ShopyFlopy" */;
			buildPhases = (
				FEE0E4332C11009C00303059 /* Sources */,
				FEE0E4342C11009C00303059 /* Frameworks */,
				FEE0E4352C11009C00303059 /* Resources */,
			);
			buildRules = (
			);
			dependencies = (
			);
			name = ShopyFlopy;
			productName = ShopyFlopy;
			productReference = FEE0E4372C11009C00303059 /* ShopyFlopy.app */;
			productType = "com.apple.product-type.application";
		};
/* End PBXNativeTarget section */

/* Begin PBXProject section */
		FEE0E42F2C11009C00303059 /* Project object */ = {
			isa = PBXProject;
			attributes = {
				BuildIndependentTargetsInParallel = 1;
				LastSwiftUpdateCheck = 1540;
				LastUpgradeCheck = 1540;
				TargetAttributes = {
					FEE0E4362C11009C00303059 = {
						CreatedOnToolsVersion = 15.4;
					};
				};
			};
			buildConfigurationList = FEE0E4322C11009C00303059 /* Build configuration list for PBXProject "ShopyFlopy" */;
			compatibilityVersion = "Xcode 14.0";
			developmentRegion = en;
			hasScannedForEncodings = 0;
			knownRegions = (
				en,
				Base,
			);
			mainGroup = FEE0E42E2C11009C00303059;
			productRefGroup = FEE0E4382C11009C00303059 /* Products */;
			projectDirPath = "";
			projectRoot = "";
			targets = (
				FEE0E4362C11009C00303059 /* ShopyFlopy */,
			);
		};
/* End PBXProject section */

/* Begin PBXResourcesBuildPhase section */
		FEE0E4352C11009C00303059 /* Resources */ = {
			isa = PBXResourcesBuildPhase;
			buildActionMask = 2147483647;
			files = (
				FEE0E4442C11009D00303059 /* Assets.xcassets in Resources */,
				FEE0E4472C11009D00303059 /* Base in Resources */,
			);
			runOnlyForDeploymentPostprocessing = 0;
		};
/* End PBXResourcesBuildPhase section */

/* Begin PBXSourcesBuildPhase section */
		FEE0E4332C11009C00303059 /* Sources */ = {
			isa = PBXSourcesBuildPhase;
			buildActionMask = 2147483647;
			files = (
				FEE0E4582C110BAE00303059 /* WeatherInformation.swift in Sources */,
				FEE0E43F2C11009C00303059 /* WeatherViewController.swift in Sources */,
				FEE0E43B2C11009C00303059 /* AppDelegate.swift in Sources */,
				FEE0E45F2C110F7F00303059 /* LocationManager.swift in Sources */,
				FEE0E4622C11148C00303059 /* WeatherInfoView.swift in Sources */,
				FEE0E4562C110B9900303059 /* NetworkService.swift in Sources */,
				FEE0E45D2C110E4100303059 /* WeatherService.swift in Sources */,
				FEE0E43D2C11009C00303059 /* SceneDelegate.swift in Sources */,
			);
			runOnlyForDeploymentPostprocessing = 0;
		};
/* End PBXSourcesBuildPhase section */

/* Begin PBXVariantGroup section */
		FEE0E4452C11009D00303059 /* LaunchScreen.storyboard */ = {
			isa = PBXVariantGroup;
			children = (
				FEE0E4462C11009D00303059 /* Base */,
			);
			name = LaunchScreen.storyboard;
			sourceTree = "<group>";
		};
/* End PBXVariantGroup section */

/* Begin XCBuildConfiguration section */
		FEE0E4492C11009D00303059 /* Debug */ = {
			isa = XCBuildConfiguration;
			buildSettings = {
				ALWAYS_SEARCH_USER_PATHS = NO;
				ASSETCATALOG_COMPILER_GENERATE_SWIFT_ASSET_SYMBOL_EXTENSIONS = YES;
				CLANG_ANALYZER_NONNULL = YES;
				CLANG_ANALYZER_NUMBER_OBJECT_CONVERSION = YES_AGGRESSIVE;
				CLANG_CXX_LANGUAGE_STANDARD = "gnu++20";
				CLANG_ENABLE_MODULES = YES;
				CLANG_ENABLE_OBJC_ARC = YES;
				CLANG_ENABLE_OBJC_WEAK = YES;
				CLANG_WARN_BLOCK_CAPTURE_AUTORELEASING = YES;
				CLANG_WARN_BOOL_CONVERSION = YES;
				CLANG_WARN_COMMA = YES;
				CLANG_WARN_CONSTANT_CONVERSION = YES;
				CLANG_WARN_DEPRECATED_OBJC_IMPLEMENTATIONS = YES;
				CLANG_WARN_DIRECT_OBJC_ISA_USAGE = YES_ERROR;
				CLANG_WARN_DOCUMENTATION_COMMENTS = YES;
				CLANG_WARN_EMPTY_BODY = YES;
				CLANG_WARN_ENUM_CONVERSION = YES;
				CLANG_WARN_INFINITE_RECURSION = YES;
				CLANG_WARN_INT_CONVERSION = YES;
				CLANG_WARN_NON_LITERAL_NULL_CONVERSION = YES;
				CLANG_WARN_OBJC_IMPLICIT_RETAIN_SELF = YES;
				CLANG_WARN_OBJC_LITERAL_CONVERSION = YES;
				CLANG_WARN_OBJC_ROOT_CLASS = YES_ERROR;
				CLANG_WARN_QUOTED_INCLUDE_IN_FRAMEWORK_HEADER = YES;
				CLANG_WARN_RANGE_LOOP_ANALYSIS = YES;
				CLANG_WARN_STRICT_PROTOTYPES = YES;
				CLANG_WARN_SUSPICIOUS_MOVE = YES;
				CLANG_WARN_UNGUARDED_AVAILABILITY = YES_AGGRESSIVE;
				CLANG_WARN_UNREACHABLE_CODE = YES;
				CLANG_WARN__DUPLICATE_METHOD_MATCH = YES;
				COPY_PHASE_STRIP = NO;
				DEBUG_INFORMATION_FORMAT = dwarf;
				ENABLE_STRICT_OBJC_MSGSEND = YES;
				ENABLE_TESTABILITY = YES;
				ENABLE_USER_SCRIPT_SANDBOXING = YES;
				GCC_C_LANGUAGE_STANDARD = gnu17;
				GCC_DYNAMIC_NO_PIC = NO;
				GCC_NO_COMMON_BLOCKS = YES;
				GCC_OPTIMIZATION_LEVEL = 0;
				GCC_PREPROCESSOR_DEFINITIONS = (
					"DEBUG=1",
					"$(inherited)",
				);
				GCC_WARN_64_TO_32_BIT_CONVERSION = YES;
				GCC_WARN_ABOUT_RETURN_TYPE = YES_ERROR;
				GCC_WARN_UNDECLARED_SELECTOR = YES;
				GCC_WARN_UNINITIALIZED_AUTOS = YES_AGGRESSIVE;
				GCC_WARN_UNUSED_FUNCTION = YES;
				GCC_WARN_UNUSED_VARIABLE = YES;
				IPHONEOS_DEPLOYMENT_TARGET = 17.5;
				LOCALIZATION_PREFERS_STRING_CATALOGS = YES;
				MTL_ENABLE_DEBUG_INFO = INCLUDE_SOURCE;
				MTL_FAST_MATH = YES;
				ONLY_ACTIVE_ARCH = YES;
				SDKROOT = iphoneos;
				SWIFT_ACTIVE_COMPILATION_CONDITIONS = "DEBUG $(inherited)";
				SWIFT_OPTIMIZATION_LEVEL = "-Onone";
			};
			name = Debug;
		};
		FEE0E44A2C11009D00303059 /* Release */ = {
			isa = XCBuildConfiguration;
			buildSettings = {
				ALWAYS_SEARCH_USER_PATHS = NO;
				ASSETCATALOG_COMPILER_GENERATE_SWIFT_ASSET_SYMBOL_EXTENSIONS = YES;
				CLANG_ANALYZER_NONNULL = YES;
				CLANG_ANALYZER_NUMBER_OBJECT_CONVERSION = YES_AGGRESSIVE;
				CLANG_CXX_LANGUAGE_STANDARD = "gnu++20";
				CLANG_ENABLE_MODULES = YES;
				CLANG_ENABLE_OBJC_ARC = YES;
				CLANG_ENABLE_OBJC_WEAK = YES;
				CLANG_WARN_BLOCK_CAPTURE_AUTORELEASING = YES;
				CLANG_WARN_BOOL_CONVERSION = YES;
				CLANG_WARN_COMMA = YES;
				CLANG_WARN_CONSTANT_CONVERSION = YES;
				CLANG_WARN_DEPRECATED_OBJC_IMPLEMENTATIONS = YES;
				CLANG_WARN_DIRECT_OBJC_ISA_USAGE = YES_ERROR;
				CLANG_WARN_DOCUMENTATION_COMMENTS = YES;
				CLANG_WARN_EMPTY_BODY = YES;
				CLANG_WARN_ENUM_CONVERSION = YES;
				CLANG_WARN_INFINITE_RECURSION = YES;
				CLANG_WARN_INT_CONVERSION = YES;
				CLANG_WARN_NON_LITERAL_NULL_CONVERSION = YES;
				CLANG_WARN_OBJC_IMPLICIT_RETAIN_SELF = YES;
				CLANG_WARN_OBJC_LITERAL_CONVERSION = YES;
				CLANG_WARN_OBJC_ROOT_CLASS = YES_ERROR;
				CLANG_WARN_QUOTED_INCLUDE_IN_FRAMEWORK_HEADER = YES;
				CLANG_WARN_RANGE_LOOP_ANALYSIS = YES;
				CLANG_WARN_STRICT_PROTOTYPES = YES;
				CLANG_WARN_SUSPICIOUS_MOVE = YES;
				CLANG_WARN_UNGUARDED_AVAILABILITY = YES_AGGRESSIVE;
				CLANG_WARN_UNREACHABLE_CODE = YES;
				CLANG_WARN__DUPLICATE_METHOD_MATCH = YES;
				COPY_PHASE_STRIP = NO;
				DEBUG_INFORMATION_FORMAT = "dwarf-with-dsym";
				ENABLE_NS_ASSERTIONS = NO;
				ENABLE_STRICT_OBJC_MSGSEND = YES;
				ENABLE_USER_SCRIPT_SANDBOXING = YES;
				GCC_C_LANGUAGE_STANDARD = gnu17;
				GCC_NO_COMMON_BLOCKS = YES;
				GCC_WARN_64_TO_32_BIT_CONVERSION = YES;
				GCC_WARN_ABOUT_RETURN_TYPE = YES_ERROR;
				GCC_WARN_UNDECLARED_SELECTOR = YES;
				GCC_WARN_UNINITIALIZED_AUTOS = YES_AGGRESSIVE;
				GCC_WARN_UNUSED_FUNCTION = YES;
				GCC_WARN_UNUSED_VARIABLE = YES;
				IPHONEOS_DEPLOYMENT_TARGET = 17.5;
				LOCALIZATION_PREFERS_STRING_CATALOGS = YES;
				MTL_ENABLE_DEBUG_INFO = NO;
				MTL_FAST_MATH = YES;
				SDKROOT = iphoneos;
				SWIFT_COMPILATION_MODE = wholemodule;
				VALIDATE_PRODUCT = YES;
			};
			name = Release;
		};
		FEE0E44C2C11009D00303059 /* Debug */ = {
			isa = XCBuildConfiguration;
			buildSettings = {
				ASSETCATALOG_COMPILER_APPICON_NAME = AppIcon;
				ASSETCATALOG_COMPILER_GLOBAL_ACCENT_COLOR_NAME = AccentColor;
				CODE_SIGN_STYLE = Automatic;
				CURRENT_PROJECT_VERSION = 1;
				GENERATE_INFOPLIST_FILE = YES;
				INFOPLIST_FILE = ShopyFlopy/Resources/Info.plist;
				INFOPLIST_KEY_UIApplicationSupportsIndirectInputEvents = YES;
				INFOPLIST_KEY_UILaunchStoryboardName = LaunchScreen;
				INFOPLIST_KEY_UISupportedInterfaceOrientations = "UIInterfaceOrientationPortrait UIInterfaceOrientationPortraitUpsideDown";
				INFOPLIST_KEY_UISupportedInterfaceOrientations_iPad = "UIInterfaceOrientationLandscapeLeft UIInterfaceOrientationLandscapeRight UIInterfaceOrientationPortrait UIInterfaceOrientationPortraitUpsideDown";
				LD_RUNPATH_SEARCH_PATHS = (
					"$(inherited)",
					"@executable_path/Frameworks",
				);
				MARKETING_VERSION = 1.0;
				PRODUCT_BUNDLE_IDENTIFIER = bakery.ShopyFlopy;
				PRODUCT_NAME = "$(TARGET_NAME)";
				SWIFT_EMIT_LOC_STRINGS = YES;
				SWIFT_VERSION = 5.0;
				TARGETED_DEVICE_FAMILY = "1,2";
			};
			name = Debug;
		};
		FEE0E44D2C11009D00303059 /* Release */ = {
			isa = XCBuildConfiguration;
			buildSettings = {
				ASSETCATALOG_COMPILER_APPICON_NAME = AppIcon;
				ASSETCATALOG_COMPILER_GLOBAL_ACCENT_COLOR_NAME = AccentColor;
				CODE_SIGN_STYLE = Automatic;
				CURRENT_PROJECT_VERSION = 1;
				GENERATE_INFOPLIST_FILE = YES;
				INFOPLIST_FILE = ShopyFlopy/Resources/Info.plist;
				INFOPLIST_KEY_UIApplicationSupportsIndirectInputEvents = YES;
				INFOPLIST_KEY_UILaunchStoryboardName = LaunchScreen;
				INFOPLIST_KEY_UISupportedInterfaceOrientations = "UIInterfaceOrientationPortrait UIInterfaceOrientationPortraitUpsideDown";
				INFOPLIST_KEY_UISupportedInterfaceOrientations_iPad = "UIInterfaceOrientationLandscapeLeft UIInterfaceOrientationLandscapeRight UIInterfaceOrientationPortrait UIInterfaceOrientationPortraitUpsideDown";
				LD_RUNPATH_SEARCH_PATHS = (
					"$(inherited)",
					"@executable_path/Frameworks",
				);
				MARKETING_VERSION = 1.0;
				PRODUCT_BUNDLE_IDENTIFIER = bakery.ShopyFlopy;
				PRODUCT_NAME = "$(TARGET_NAME)";
				SWIFT_EMIT_LOC_STRINGS = YES;
				SWIFT_VERSION = 5.0;
				TARGETED_DEVICE_FAMILY = "1,2";
			};
			name = Release;
		};
/* End XCBuildConfiguration section */

/* Begin XCConfigurationList section */
		FEE0E4322C11009C00303059 /* Build configuration list for PBXProject "ShopyFlopy" */ = {
			isa = XCConfigurationList;
			buildConfigurations = (
				FEE0E4492C11009D00303059 /* Debug */,
				FEE0E44A2C11009D00303059 /* Release */,
			);
			defaultConfigurationIsVisible = 0;
			defaultConfigurationName = Release;
		};
		FEE0E44B2C11009D00303059 /* Build configuration list for PBXNativeTarget "ShopyFlopy" */ = {
			isa = XCConfigurationList;
			buildConfigurations = (
				FEE0E44C2C11009D00303059 /* Debug */,
				FEE0E44D2C11009D00303059 /* Release */,
			);
			defaultConfigurationIsVisible = 0;
			defaultConfigurationName = Release;
		};
/* End XCConfigurationList section */
	};
	rootObject = FEE0E42F2C11009C00303059 /* Project object */;
}
